// !$*UTF8*$!
{
	archiveVersion = 1;
	classes = {
	};
	objectVersion = 56;
	objects = {

/* Begin PBXBuildFile section */
		C333ABA02B9F09BF00EA100E /* CustomGradientView.swift in Sources */ = {isa = PBXBuildFile; fileRef = C333AB9F2B9F09BF00EA100E /* CustomGradientView.swift */; };
		C333ABA22B9F820700EA100E /* CustomUnderlineView.swift in Sources */ = {isa = PBXBuildFile; fileRef = C333ABA12B9F820700EA100E /* CustomUnderlineView.swift */; };
		C333ABA62B9FBBD900EA100E /* PreferencesSubView.swift in Sources */ = {isa = PBXBuildFile; fileRef = C333ABA52B9FBBD900EA100E /* PreferencesSubView.swift */; };
		C333ABA82B9FC5AB00EA100E /* UserNameSubView.swift in Sources */ = {isa = PBXBuildFile; fileRef = C333ABA72B9FC5AB00EA100E /* UserNameSubView.swift */; };
		C333ABAA2B9FC79300EA100E /* PreferencesHStackFabric.swift in Sources */ = {isa = PBXBuildFile; fileRef = C333ABA92B9FC79300EA100E /* PreferencesHStackFabric.swift */; };
		C333ABAD2B9FCA9200EA100E /* UserDefaultsDataManager.swift in Sources */ = {isa = PBXBuildFile; fileRef = C333ABAC2B9FCA9200EA100E /* UserDefaultsDataManager.swift */; };
		C3DCF9AC2B9DF31A007D7FF0 /* AppDelegate.swift in Sources */ = {isa = PBXBuildFile; fileRef = C3DCF9AB2B9DF31A007D7FF0 /* AppDelegate.swift */; };
		C3DCF9AE2B9DF31A007D7FF0 /* SceneDelegate.swift in Sources */ = {isa = PBXBuildFile; fileRef = C3DCF9AD2B9DF31A007D7FF0 /* SceneDelegate.swift */; };
		C3DCF9B62B9DF31A007D7FF0 /* DiaCare.xcdatamodeld in Sources */ = {isa = PBXBuildFile; fileRef = C3DCF9B42B9DF31A007D7FF0 /* DiaCare.xcdatamodeld */; };
		C3DCF9B82B9DF31B007D7FF0 /* Assets.xcassets in Resources */ = {isa = PBXBuildFile; fileRef = C3DCF9B72B9DF31B007D7FF0 /* Assets.xcassets */; };
		C3DCF9BB2B9DF31B007D7FF0 /* LaunchScreen.storyboard in Resources */ = {isa = PBXBuildFile; fileRef = C3DCF9B92B9DF31B007D7FF0 /* LaunchScreen.storyboard */; };
		C3DCF9C52B9DF4C5007D7FF0 /* SnapKit in Frameworks */ = {isa = PBXBuildFile; productRef = C3DCF9C42B9DF4C5007D7FF0 /* SnapKit */; };
		C3DCF9C72B9DF4C5007D7FF0 /* SnapKit-Dynamic in Frameworks */ = {isa = PBXBuildFile; productRef = C3DCF9C62B9DF4C5007D7FF0 /* SnapKit-Dynamic */; };
		C3DCF9CA2B9DF4DB007D7FF0 /* Alamofire in Frameworks */ = {isa = PBXBuildFile; productRef = C3DCF9C92B9DF4DB007D7FF0 /* Alamofire */; };
		C3DCF9CC2B9DF4DB007D7FF0 /* AlamofireDynamic in Frameworks */ = {isa = PBXBuildFile; productRef = C3DCF9CB2B9DF4DB007D7FF0 /* AlamofireDynamic */; };
		C3DCF9D02B9DF588007D7FF0 /* NameRegisterViewController.swift in Sources */ = {isa = PBXBuildFile; fileRef = C3DCF9CF2B9DF588007D7FF0 /* NameRegisterViewController.swift */; };
		C3DCF9D22B9DF5A4007D7FF0 /* NameRegisterView.swift in Sources */ = {isa = PBXBuildFile; fileRef = C3DCF9D12B9DF5A4007D7FF0 /* NameRegisterView.swift */; };
		C3DCF9D42B9DF5BA007D7FF0 /* NameRegisterViewModel.swift in Sources */ = {isa = PBXBuildFile; fileRef = C3DCF9D32B9DF5BA007D7FF0 /* NameRegisterViewModel.swift */; };
		C3DCF9D72B9E039E007D7FF0 /* SugarConfigView.swift in Sources */ = {isa = PBXBuildFile; fileRef = C3DCF9D62B9E039E007D7FF0 /* SugarConfigView.swift */; };
		C3DCF9D92B9E03AB007D7FF0 /* SugarConfigViewController.swift in Sources */ = {isa = PBXBuildFile; fileRef = C3DCF9D82B9E03AB007D7FF0 /* SugarConfigViewController.swift */; };
		C3DCF9DB2B9E03CD007D7FF0 /* SugarConfigViewModel.swift in Sources */ = {isa = PBXBuildFile; fileRef = C3DCF9DA2B9E03CD007D7FF0 /* SugarConfigViewModel.swift */; };
		C3DCF9DD2B9E0B0D007D7FF0 /* CustomConfigTextField.swift in Sources */ = {isa = PBXBuildFile; fileRef = C3DCF9DC2B9E0B0D007D7FF0 /* CustomConfigTextField.swift */; };
		C3DCF9E12B9E19A2007D7FF0 /* FoodConfigViewController.swift in Sources */ = {isa = PBXBuildFile; fileRef = C3DCF9E02B9E19A2007D7FF0 /* FoodConfigViewController.swift */; };
		C3DCF9E32B9E19AD007D7FF0 /* FoodConfigViewModel.swift in Sources */ = {isa = PBXBuildFile; fileRef = C3DCF9E22B9E19AD007D7FF0 /* FoodConfigViewModel.swift */; };
		C3DCF9E52B9E19BE007D7FF0 /* FoodConfigView.swift in Sources */ = {isa = PBXBuildFile; fileRef = C3DCF9E42B9E19BE007D7FF0 /* FoodConfigView.swift */; };
		C3DCF9E82B9E337F007D7FF0 /* InsulinConfigView.swift in Sources */ = {isa = PBXBuildFile; fileRef = C3DCF9E72B9E337F007D7FF0 /* InsulinConfigView.swift */; };
		C3DCF9EA2B9E338D007D7FF0 /* InsulinConfigViewController.swift in Sources */ = {isa = PBXBuildFile; fileRef = C3DCF9E92B9E338D007D7FF0 /* InsulinConfigViewController.swift */; };
		C3DCF9EC2B9E339B007D7FF0 /* InsulinConfigViewModel.swift in Sources */ = {isa = PBXBuildFile; fileRef = C3DCF9EB2B9E339B007D7FF0 /* InsulinConfigViewModel.swift */; };
		C3DCF9F22B9E599B007D7FF0 /* ProfileViewController.swift in Sources */ = {isa = PBXBuildFile; fileRef = C3DCF9F12B9E599B007D7FF0 /* ProfileViewController.swift */; };
		C3DCF9F42B9E59A8007D7FF0 /* ProfileView.swift in Sources */ = {isa = PBXBuildFile; fileRef = C3DCF9F32B9E59A8007D7FF0 /* ProfileView.swift */; };
		C3DCF9F62B9E59B4007D7FF0 /* ProfileViewModel.swift in Sources */ = {isa = PBXBuildFile; fileRef = C3DCF9F52B9E59B4007D7FF0 /* ProfileViewModel.swift */; };
		C3DCF9F92B9E5A44007D7FF0 /* NotificationViewModel.swift in Sources */ = {isa = PBXBuildFile; fileRef = C3DCF9F82B9E5A44007D7FF0 /* NotificationViewModel.swift */; };
		C3DCF9FB2B9E5A5A007D7FF0 /* NotificationView.swift in Sources */ = {isa = PBXBuildFile; fileRef = C3DCF9FA2B9E5A5A007D7FF0 /* NotificationView.swift */; };
		C3DCF9FD2B9E5A67007D7FF0 /* NotificationViewController.swift in Sources */ = {isa = PBXBuildFile; fileRef = C3DCF9FC2B9E5A67007D7FF0 /* NotificationViewController.swift */; };
		C3DCFA002B9E5ABA007D7FF0 /* NewNoteViewController.swift in Sources */ = {isa = PBXBuildFile; fileRef = C3DCF9FF2B9E5ABA007D7FF0 /* NewNoteViewController.swift */; };
		C3DCFA022B9E5AC7007D7FF0 /* NewNoteView.swift in Sources */ = {isa = PBXBuildFile; fileRef = C3DCFA012B9E5AC7007D7FF0 /* NewNoteView.swift */; };
		C3DCFA042B9E5AD2007D7FF0 /* NewNoteViewModel.swift in Sources */ = {isa = PBXBuildFile; fileRef = C3DCFA032B9E5AD2007D7FF0 /* NewNoteViewModel.swift */; };
		C3DCFA072B9E5B0C007D7FF0 /* StatisticView.swift in Sources */ = {isa = PBXBuildFile; fileRef = C3DCFA062B9E5B0C007D7FF0 /* StatisticView.swift */; };
		C3DCFA092B9E5B1A007D7FF0 /* StatisticViewController.swift in Sources */ = {isa = PBXBuildFile; fileRef = C3DCFA082B9E5B1A007D7FF0 /* StatisticViewController.swift */; };
		C3DCFA0B2B9E5B26007D7FF0 /* StatisticViewModel.swift in Sources */ = {isa = PBXBuildFile; fileRef = C3DCFA0A2B9E5B26007D7FF0 /* StatisticViewModel.swift */; };
		C3DCFA0E2B9E5C15007D7FF0 /* TemplateViewController.swift in Sources */ = {isa = PBXBuildFile; fileRef = C3DCFA0D2B9E5C15007D7FF0 /* TemplateViewController.swift */; };
		C3DCFA102B9E5C21007D7FF0 /* TemplateView.swift in Sources */ = {isa = PBXBuildFile; fileRef = C3DCFA0F2B9E5C21007D7FF0 /* TemplateView.swift */; };
		C3DCFA122B9E5C2C007D7FF0 /* TemplateViewModel.swift in Sources */ = {isa = PBXBuildFile; fileRef = C3DCFA112B9E5C2C007D7FF0 /* TemplateViewModel.swift */; };
/* End PBXBuildFile section */

/* Begin PBXFileReference section */
		C333AB9F2B9F09BF00EA100E /* CustomGradientView.swift */ = {isa = PBXFileReference; lastKnownFileType = sourcecode.swift; path = CustomGradientView.swift; sourceTree = "<group>"; };
		C333ABA12B9F820700EA100E /* CustomUnderlineView.swift */ = {isa = PBXFileReference; lastKnownFileType = sourcecode.swift; path = CustomUnderlineView.swift; sourceTree = "<group>"; };
		C333ABA52B9FBBD900EA100E /* PreferencesSubView.swift */ = {isa = PBXFileReference; lastKnownFileType = sourcecode.swift; path = PreferencesSubView.swift; sourceTree = "<group>"; };
		C333ABA72B9FC5AB00EA100E /* UserNameSubView.swift */ = {isa = PBXFileReference; lastKnownFileType = sourcecode.swift; path = UserNameSubView.swift; sourceTree = "<group>"; };
		C333ABA92B9FC79300EA100E /* PreferencesHStackFabric.swift */ = {isa = PBXFileReference; lastKnownFileType = sourcecode.swift; path = PreferencesHStackFabric.swift; sourceTree = "<group>"; };
		C333ABAC2B9FCA9200EA100E /* UserDefaultsDataManager.swift */ = {isa = PBXFileReference; lastKnownFileType = sourcecode.swift; path = UserDefaultsDataManager.swift; sourceTree = "<group>"; };
		C3DCF9A82B9DF31A007D7FF0 /* DiaCare.app */ = {isa = PBXFileReference; explicitFileType = wrapper.application; includeInIndex = 0; path = DiaCare.app; sourceTree = BUILT_PRODUCTS_DIR; };
		C3DCF9AB2B9DF31A007D7FF0 /* AppDelegate.swift */ = {isa = PBXFileReference; lastKnownFileType = sourcecode.swift; path = AppDelegate.swift; sourceTree = "<group>"; };
		C3DCF9AD2B9DF31A007D7FF0 /* SceneDelegate.swift */ = {isa = PBXFileReference; lastKnownFileType = sourcecode.swift; path = SceneDelegate.swift; sourceTree = "<group>"; };
		C3DCF9B52B9DF31A007D7FF0 /* DiaCare.xcdatamodel */ = {isa = PBXFileReference; lastKnownFileType = wrapper.xcdatamodel; path = DiaCare.xcdatamodel; sourceTree = "<group>"; };
		C3DCF9B72B9DF31B007D7FF0 /* Assets.xcassets */ = {isa = PBXFileReference; lastKnownFileType = folder.assetcatalog; path = Assets.xcassets; sourceTree = "<group>"; };
		C3DCF9BA2B9DF31B007D7FF0 /* Base */ = {isa = PBXFileReference; lastKnownFileType = file.storyboard; name = Base; path = Base.lproj/LaunchScreen.storyboard; sourceTree = "<group>"; };
		C3DCF9BC2B9DF31B007D7FF0 /* Info.plist */ = {isa = PBXFileReference; lastKnownFileType = text.plist.xml; path = Info.plist; sourceTree = "<group>"; };
		C3DCF9CF2B9DF588007D7FF0 /* NameRegisterViewController.swift */ = {isa = PBXFileReference; lastKnownFileType = sourcecode.swift; path = NameRegisterViewController.swift; sourceTree = "<group>"; };
		C3DCF9D12B9DF5A4007D7FF0 /* NameRegisterView.swift */ = {isa = PBXFileReference; lastKnownFileType = sourcecode.swift; path = NameRegisterView.swift; sourceTree = "<group>"; };
		C3DCF9D32B9DF5BA007D7FF0 /* NameRegisterViewModel.swift */ = {isa = PBXFileReference; lastKnownFileType = sourcecode.swift; path = NameRegisterViewModel.swift; sourceTree = "<group>"; };
		C3DCF9D62B9E039E007D7FF0 /* SugarConfigView.swift */ = {isa = PBXFileReference; lastKnownFileType = sourcecode.swift; path = SugarConfigView.swift; sourceTree = "<group>"; };
		C3DCF9D82B9E03AB007D7FF0 /* SugarConfigViewController.swift */ = {isa = PBXFileReference; lastKnownFileType = sourcecode.swift; path = SugarConfigViewController.swift; sourceTree = "<group>"; };
		C3DCF9DA2B9E03CD007D7FF0 /* SugarConfigViewModel.swift */ = {isa = PBXFileReference; lastKnownFileType = sourcecode.swift; path = SugarConfigViewModel.swift; sourceTree = "<group>"; };
		C3DCF9DC2B9E0B0D007D7FF0 /* CustomConfigTextField.swift */ = {isa = PBXFileReference; lastKnownFileType = sourcecode.swift; path = CustomConfigTextField.swift; sourceTree = "<group>"; };
		C3DCF9E02B9E19A2007D7FF0 /* FoodConfigViewController.swift */ = {isa = PBXFileReference; lastKnownFileType = sourcecode.swift; path = FoodConfigViewController.swift; sourceTree = "<group>"; };
		C3DCF9E22B9E19AD007D7FF0 /* FoodConfigViewModel.swift */ = {isa = PBXFileReference; lastKnownFileType = sourcecode.swift; path = FoodConfigViewModel.swift; sourceTree = "<group>"; };
		C3DCF9E42B9E19BE007D7FF0 /* FoodConfigView.swift */ = {isa = PBXFileReference; lastKnownFileType = sourcecode.swift; path = FoodConfigView.swift; sourceTree = "<group>"; };
		C3DCF9E72B9E337F007D7FF0 /* InsulinConfigView.swift */ = {isa = PBXFileReference; lastKnownFileType = sourcecode.swift; path = InsulinConfigView.swift; sourceTree = "<group>"; };
		C3DCF9E92B9E338D007D7FF0 /* InsulinConfigViewController.swift */ = {isa = PBXFileReference; lastKnownFileType = sourcecode.swift; path = InsulinConfigViewController.swift; sourceTree = "<group>"; };
		C3DCF9EB2B9E339B007D7FF0 /* InsulinConfigViewModel.swift */ = {isa = PBXFileReference; lastKnownFileType = sourcecode.swift; path = InsulinConfigViewModel.swift; sourceTree = "<group>"; };
		C3DCF9F12B9E599B007D7FF0 /* ProfileViewController.swift */ = {isa = PBXFileReference; lastKnownFileType = sourcecode.swift; path = ProfileViewController.swift; sourceTree = "<group>"; };
		C3DCF9F32B9E59A8007D7FF0 /* ProfileView.swift */ = {isa = PBXFileReference; lastKnownFileType = sourcecode.swift; path = ProfileView.swift; sourceTree = "<group>"; };
		C3DCF9F52B9E59B4007D7FF0 /* ProfileViewModel.swift */ = {isa = PBXFileReference; lastKnownFileType = sourcecode.swift; path = ProfileViewModel.swift; sourceTree = "<group>"; };
		C3DCF9F82B9E5A44007D7FF0 /* NotificationViewModel.swift */ = {isa = PBXFileReference; lastKnownFileType = sourcecode.swift; path = NotificationViewModel.swift; sourceTree = "<group>"; };
		C3DCF9FA2B9E5A5A007D7FF0 /* NotificationView.swift */ = {isa = PBXFileReference; lastKnownFileType = sourcecode.swift; path = NotificationView.swift; sourceTree = "<group>"; };
		C3DCF9FC2B9E5A67007D7FF0 /* NotificationViewController.swift */ = {isa = PBXFileReference; lastKnownFileType = sourcecode.swift; path = NotificationViewController.swift; sourceTree = "<group>"; };
		C3DCF9FF2B9E5ABA007D7FF0 /* NewNoteViewController.swift */ = {isa = PBXFileReference; lastKnownFileType = sourcecode.swift; path = NewNoteViewController.swift; sourceTree = "<group>"; };
		C3DCFA012B9E5AC7007D7FF0 /* NewNoteView.swift */ = {isa = PBXFileReference; lastKnownFileType = sourcecode.swift; path = NewNoteView.swift; sourceTree = "<group>"; };
		C3DCFA032B9E5AD2007D7FF0 /* NewNoteViewModel.swift */ = {isa = PBXFileReference; lastKnownFileType = sourcecode.swift; path = NewNoteViewModel.swift; sourceTree = "<group>"; };
		C3DCFA062B9E5B0C007D7FF0 /* StatisticView.swift */ = {isa = PBXFileReference; lastKnownFileType = sourcecode.swift; path = StatisticView.swift; sourceTree = "<group>"; };
		C3DCFA082B9E5B1A007D7FF0 /* StatisticViewController.swift */ = {isa = PBXFileReference; lastKnownFileType = sourcecode.swift; path = StatisticViewController.swift; sourceTree = "<group>"; };
		C3DCFA0A2B9E5B26007D7FF0 /* StatisticViewModel.swift */ = {isa = PBXFileReference; lastKnownFileType = sourcecode.swift; path = StatisticViewModel.swift; sourceTree = "<group>"; };
		C3DCFA0D2B9E5C15007D7FF0 /* TemplateViewController.swift */ = {isa = PBXFileReference; lastKnownFileType = sourcecode.swift; path = TemplateViewController.swift; sourceTree = "<group>"; };
		C3DCFA0F2B9E5C21007D7FF0 /* TemplateView.swift */ = {isa = PBXFileReference; lastKnownFileType = sourcecode.swift; path = TemplateView.swift; sourceTree = "<group>"; };
		C3DCFA112B9E5C2C007D7FF0 /* TemplateViewModel.swift */ = {isa = PBXFileReference; lastKnownFileType = sourcecode.swift; path = TemplateViewModel.swift; sourceTree = "<group>"; };
/* End PBXFileReference section */

/* Begin PBXFrameworksBuildPhase section */
		C3DCF9A52B9DF31A007D7FF0 /* Frameworks */ = {
			isa = PBXFrameworksBuildPhase;
			buildActionMask = 2147483647;
			files = (
				C3DCF9CA2B9DF4DB007D7FF0 /* Alamofire in Frameworks */,
				C3DCF9CC2B9DF4DB007D7FF0 /* AlamofireDynamic in Frameworks */,
				C3DCF9C52B9DF4C5007D7FF0 /* SnapKit in Frameworks */,
				C3DCF9C72B9DF4C5007D7FF0 /* SnapKit-Dynamic in Frameworks */,
			);
			runOnlyForDeploymentPostprocessing = 0;
		};
/* End PBXFrameworksBuildPhase section */

/* Begin PBXGroup section */
		C333AB9E2B9F09A600EA100E /* CustomViews */ = {
			isa = PBXGroup;
			children = (
				C333AB9F2B9F09BF00EA100E /* CustomGradientView.swift */,
				C333ABA12B9F820700EA100E /* CustomUnderlineView.swift */,
			);
			path = CustomViews;
			sourceTree = "<group>";
		};
		C333ABAB2B9FC83400EA100E /* UIFabrics */ = {
			isa = PBXGroup;
			children = (
				C333ABA92B9FC79300EA100E /* PreferencesHStackFabric.swift */,
			);
			path = UIFabrics;
			sourceTree = "<group>";
		};
		C3DCF99F2B9DF31A007D7FF0 = {
			isa = PBXGroup;
			children = (
				C3DCF9AA2B9DF31A007D7FF0 /* DiaCare */,
				C3DCF9A92B9DF31A007D7FF0 /* Products */,
			);
			sourceTree = "<group>";
		};
		C3DCF9A92B9DF31A007D7FF0 /* Products */ = {
			isa = PBXGroup;
			children = (
				C3DCF9A82B9DF31A007D7FF0 /* DiaCare.app */,
			);
			name = Products;
			sourceTree = "<group>";
		};
		C3DCF9AA2B9DF31A007D7FF0 /* DiaCare */ = {
			isa = PBXGroup;
			children = (
				C333ABAC2B9FCA9200EA100E /* UserDefaultsDataManager.swift */,
				C3DCF9EF2B9E597B007D7FF0 /* Main Screens */,
				C3DCF9CD2B9DF517007D7FF0 /* Welcome Screens */,
				C3DCF9AB2B9DF31A007D7FF0 /* AppDelegate.swift */,
				C3DCF9AD2B9DF31A007D7FF0 /* SceneDelegate.swift */,
				C3DCF9B72B9DF31B007D7FF0 /* Assets.xcassets */,
				C3DCF9B92B9DF31B007D7FF0 /* LaunchScreen.storyboard */,
				C3DCF9BC2B9DF31B007D7FF0 /* Info.plist */,
				C3DCF9B42B9DF31A007D7FF0 /* DiaCare.xcdatamodeld */,
			);
			path = DiaCare;
			sourceTree = "<group>";
		};
		C3DCF9CD2B9DF517007D7FF0 /* Welcome Screens */ = {
			isa = PBXGroup;
			children = (
				C3DCF9DE2B9E1782007D7FF0 /* CustomViews */,
				C3DCF9E62B9E335F007D7FF0 /* InsulinConfigScreen */,
				C3DCF9DF2B9E198A007D7FF0 /* FoodConfigScreen */,
				C3DCF9D52B9E0373007D7FF0 /* SugarConfigScreen */,
				C3DCF9CE2B9DF53A007D7FF0 /* NameRegisterScreen */,
			);
			path = "Welcome Screens";
			sourceTree = "<group>";
		};
		C3DCF9CE2B9DF53A007D7FF0 /* NameRegisterScreen */ = {
			isa = PBXGroup;
			children = (
				C3DCF9CF2B9DF588007D7FF0 /* NameRegisterViewController.swift */,
				C3DCF9D12B9DF5A4007D7FF0 /* NameRegisterView.swift */,
				C3DCF9D32B9DF5BA007D7FF0 /* NameRegisterViewModel.swift */,
			);
			path = NameRegisterScreen;
			sourceTree = "<group>";
		};
		C3DCF9D52B9E0373007D7FF0 /* SugarConfigScreen */ = {
			isa = PBXGroup;
			children = (
				C3DCF9D62B9E039E007D7FF0 /* SugarConfigView.swift */,
				C3DCF9D82B9E03AB007D7FF0 /* SugarConfigViewController.swift */,
				C3DCF9DA2B9E03CD007D7FF0 /* SugarConfigViewModel.swift */,
			);
			path = SugarConfigScreen;
			sourceTree = "<group>";
		};
		C3DCF9DE2B9E1782007D7FF0 /* CustomViews */ = {
			isa = PBXGroup;
			children = (
				C3DCF9DC2B9E0B0D007D7FF0 /* CustomConfigTextField.swift */,
			);
			path = CustomViews;
			sourceTree = "<group>";
		};
		C3DCF9DF2B9E198A007D7FF0 /* FoodConfigScreen */ = {
			isa = PBXGroup;
			children = (
				C3DCF9E02B9E19A2007D7FF0 /* FoodConfigViewController.swift */,
				C3DCF9E22B9E19AD007D7FF0 /* FoodConfigViewModel.swift */,
				C3DCF9E42B9E19BE007D7FF0 /* FoodConfigView.swift */,
			);
			path = FoodConfigScreen;
			sourceTree = "<group>";
		};
		C3DCF9E62B9E335F007D7FF0 /* InsulinConfigScreen */ = {
			isa = PBXGroup;
			children = (
				C3DCF9E72B9E337F007D7FF0 /* InsulinConfigView.swift */,
				C3DCF9E92B9E338D007D7FF0 /* InsulinConfigViewController.swift */,
				C3DCF9EB2B9E339B007D7FF0 /* InsulinConfigViewModel.swift */,
			);
			path = InsulinConfigScreen;
			sourceTree = "<group>";
		};
		C3DCF9EF2B9E597B007D7FF0 /* Main Screens */ = {
			isa = PBXGroup;
			children = (
				C333AB9E2B9F09A600EA100E /* CustomViews */,
				C3DCFA0C2B9E5BEE007D7FF0 /* TemplateScreen */,
				C3DCFA052B9E5AE9007D7FF0 /* StatisticScreen */,
				C3DCF9FE2B9E5A73007D7FF0 /* NewNoteScreen */,
				C3DCF9F72B9E5A33007D7FF0 /* NotificationScreen */,
				C3DCF9F02B9E598C007D7FF0 /* ProfileScreen */,
			);
			path = "Main Screens";
			sourceTree = "<group>";
		};
		C3DCF9F02B9E598C007D7FF0 /* ProfileScreen */ = {
			isa = PBXGroup;
			children = (
				C333ABAB2B9FC83400EA100E /* UIFabrics */,
				C3DCF9F12B9E599B007D7FF0 /* ProfileViewController.swift */,
				C3DCF9F32B9E59A8007D7FF0 /* ProfileView.swift */,
				C3DCF9F52B9E59B4007D7FF0 /* ProfileViewModel.swift */,
				C333ABA72B9FC5AB00EA100E /* UserNameSubView.swift */,
				C333ABA52B9FBBD900EA100E /* PreferencesSubView.swift */,
			);
			path = ProfileScreen;
			sourceTree = "<group>";
		};
		C3DCF9F72B9E5A33007D7FF0 /* NotificationScreen */ = {
			isa = PBXGroup;
			children = (
				C3DCF9F82B9E5A44007D7FF0 /* NotificationViewModel.swift */,
				C3DCF9FA2B9E5A5A007D7FF0 /* NotificationView.swift */,
				C3DCF9FC2B9E5A67007D7FF0 /* NotificationViewController.swift */,
			);
			path = NotificationScreen;
			sourceTree = "<group>";
		};
		C3DCF9FE2B9E5A73007D7FF0 /* NewNoteScreen */ = {
			isa = PBXGroup;
			children = (
				C3DCF9FF2B9E5ABA007D7FF0 /* NewNoteViewController.swift */,
				C3DCFA012B9E5AC7007D7FF0 /* NewNoteView.swift */,
				C3DCFA032B9E5AD2007D7FF0 /* NewNoteViewModel.swift */,
			);
			path = NewNoteScreen;
			sourceTree = "<group>";
		};
		C3DCFA052B9E5AE9007D7FF0 /* StatisticScreen */ = {
			isa = PBXGroup;
			children = (
				C3DCFA062B9E5B0C007D7FF0 /* StatisticView.swift */,
				C3DCFA082B9E5B1A007D7FF0 /* StatisticViewController.swift */,
				C3DCFA0A2B9E5B26007D7FF0 /* StatisticViewModel.swift */,
			);
			path = StatisticScreen;
			sourceTree = "<group>";
		};
		C3DCFA0C2B9E5BEE007D7FF0 /* TemplateScreen */ = {
			isa = PBXGroup;
			children = (
				C3DCFA0D2B9E5C15007D7FF0 /* TemplateViewController.swift */,
				C3DCFA0F2B9E5C21007D7FF0 /* TemplateView.swift */,
				C3DCFA112B9E5C2C007D7FF0 /* TemplateViewModel.swift */,
			);
			path = TemplateScreen;
			sourceTree = "<group>";
		};
/* End PBXGroup section */

/* Begin PBXNativeTarget section */
		C3DCF9A72B9DF31A007D7FF0 /* DiaCare */ = {
			isa = PBXNativeTarget;
			buildConfigurationList = C3DCF9BF2B9DF31B007D7FF0 /* Build configuration list for PBXNativeTarget "DiaCare" */;
			buildPhases = (
				C3DCF9A42B9DF31A007D7FF0 /* Sources */,
				C3DCF9A52B9DF31A007D7FF0 /* Frameworks */,
				C3DCF9A62B9DF31A007D7FF0 /* Resources */,
				C3DCF9C22B9DF389007D7FF0 /* ShellScript */,
			);
			buildRules = (
			);
			dependencies = (
			);
			name = DiaCare;
			packageProductDependencies = (
				C3DCF9C42B9DF4C5007D7FF0 /* SnapKit */,
				C3DCF9C62B9DF4C5007D7FF0 /* SnapKit-Dynamic */,
				C3DCF9C92B9DF4DB007D7FF0 /* Alamofire */,
				C3DCF9CB2B9DF4DB007D7FF0 /* AlamofireDynamic */,
			);
			productName = DiaCare;
			productReference = C3DCF9A82B9DF31A007D7FF0 /* DiaCare.app */;
			productType = "com.apple.product-type.application";
		};
/* End PBXNativeTarget section */

/* Begin PBXProject section */
		C3DCF9A02B9DF31A007D7FF0 /* Project object */ = {
			isa = PBXProject;
			attributes = {
				BuildIndependentTargetsInParallel = 1;
				LastSwiftUpdateCheck = 1520;
				LastUpgradeCheck = 1520;
				TargetAttributes = {
					C3DCF9A72B9DF31A007D7FF0 = {
						CreatedOnToolsVersion = 15.2;
					};
				};
			};
			buildConfigurationList = C3DCF9A32B9DF31A007D7FF0 /* Build configuration list for PBXProject "DiaCare" */;
			compatibilityVersion = "Xcode 14.0";
			developmentRegion = en;
			hasScannedForEncodings = 0;
			knownRegions = (
				en,
				Base,
			);
			mainGroup = C3DCF99F2B9DF31A007D7FF0;
			packageReferences = (
				C3DCF9C32B9DF4C5007D7FF0 /* XCRemoteSwiftPackageReference "SnapKit" */,
				C3DCF9C82B9DF4DB007D7FF0 /* XCRemoteSwiftPackageReference "Alamofire" */,
			);
			productRefGroup = C3DCF9A92B9DF31A007D7FF0 /* Products */;
			projectDirPath = "";
			projectRoot = "";
			targets = (
				C3DCF9A72B9DF31A007D7FF0 /* DiaCare */,
			);
		};
/* End PBXProject section */

/* Begin PBXResourcesBuildPhase section */
		C3DCF9A62B9DF31A007D7FF0 /* Resources */ = {
			isa = PBXResourcesBuildPhase;
			buildActionMask = 2147483647;
			files = (
				C3DCF9BB2B9DF31B007D7FF0 /* LaunchScreen.storyboard in Resources */,
				C3DCF9B82B9DF31B007D7FF0 /* Assets.xcassets in Resources */,
			);
			runOnlyForDeploymentPostprocessing = 0;
		};
/* End PBXResourcesBuildPhase section */

/* Begin PBXShellScriptBuildPhase section */
		C3DCF9C22B9DF389007D7FF0 /* ShellScript */ = {
			isa = PBXShellScriptBuildPhase;
			alwaysOutOfDate = 1;
			buildActionMask = 2147483647;
			files = (
			);
			inputFileListPaths = (
			);
			inputPaths = (
			);
			outputFileListPaths = (
			);
			outputPaths = (
			);
			runOnlyForDeploymentPostprocessing = 0;
			shellPath = /bin/sh;
			shellScript = " \nexport PATH=\"$PATH:/opt/homebrew/bin\"\nif which swiftlint >/dev/null; then\n  swiftlint\nelse\n  echo \"error: SwiftLint does not exist, download it from https://github.com/realm/SwiftLint\"\n  exit 1\nfi\n";
			showEnvVarsInLog = 0;
		};
/* End PBXShellScriptBuildPhase section */

/* Begin PBXSourcesBuildPhase section */
		C3DCF9A42B9DF31A007D7FF0 /* Sources */ = {
			isa = PBXSourcesBuildPhase;
			buildActionMask = 2147483647;
			files = (
				C333ABA22B9F820700EA100E /* CustomUnderlineView.swift in Sources */,
				C3DCF9DB2B9E03CD007D7FF0 /* SugarConfigViewModel.swift in Sources */,
				C3DCF9D02B9DF588007D7FF0 /* NameRegisterViewController.swift in Sources */,
				C333ABAD2B9FCA9200EA100E /* UserDefaultsDataManager.swift in Sources */,
				C3DCF9DD2B9E0B0D007D7FF0 /* CustomConfigTextField.swift in Sources */,
				C3DCFA022B9E5AC7007D7FF0 /* NewNoteView.swift in Sources */,
				C3DCFA0B2B9E5B26007D7FF0 /* StatisticViewModel.swift in Sources */,
				C333ABA62B9FBBD900EA100E /* PreferencesSubView.swift in Sources */,
				C3DCF9FB2B9E5A5A007D7FF0 /* NotificationView.swift in Sources */,
				C3DCF9D22B9DF5A4007D7FF0 /* NameRegisterView.swift in Sources */,
				C3DCFA002B9E5ABA007D7FF0 /* NewNoteViewController.swift in Sources */,
				C3DCF9EA2B9E338D007D7FF0 /* InsulinConfigViewController.swift in Sources */,
				C3DCF9FD2B9E5A67007D7FF0 /* NotificationViewController.swift in Sources */,
				C3DCF9D72B9E039E007D7FF0 /* SugarConfigView.swift in Sources */,
				C3DCF9F22B9E599B007D7FF0 /* ProfileViewController.swift in Sources */,
				C3DCF9D42B9DF5BA007D7FF0 /* NameRegisterViewModel.swift in Sources */,
				C3DCFA102B9E5C21007D7FF0 /* TemplateView.swift in Sources */,
				C3DCF9D92B9E03AB007D7FF0 /* SugarConfigViewController.swift in Sources */,
				C3DCF9E82B9E337F007D7FF0 /* InsulinConfigView.swift in Sources */,
				C3DCFA092B9E5B1A007D7FF0 /* StatisticViewController.swift in Sources */,
				C3DCF9E12B9E19A2007D7FF0 /* FoodConfigViewController.swift in Sources */,
				C3DCFA072B9E5B0C007D7FF0 /* StatisticView.swift in Sources */,
				C333ABA02B9F09BF00EA100E /* CustomGradientView.swift in Sources */,
				C3DCF9B62B9DF31A007D7FF0 /* DiaCare.xcdatamodeld in Sources */,
				C3DCF9EC2B9E339B007D7FF0 /* InsulinConfigViewModel.swift in Sources */,
				C333ABA82B9FC5AB00EA100E /* UserNameSubView.swift in Sources */,
				C3DCF9F62B9E59B4007D7FF0 /* ProfileViewModel.swift in Sources */,
				C3DCF9E52B9E19BE007D7FF0 /* FoodConfigView.swift in Sources */,
				C3DCF9AC2B9DF31A007D7FF0 /* AppDelegate.swift in Sources */,
				C3DCF9F92B9E5A44007D7FF0 /* NotificationViewModel.swift in Sources */,
				C3DCFA122B9E5C2C007D7FF0 /* TemplateViewModel.swift in Sources */,
				C3DCF9F42B9E59A8007D7FF0 /* ProfileView.swift in Sources */,
				C333ABAA2B9FC79300EA100E /* PreferencesHStackFabric.swift in Sources */,
				C3DCFA0E2B9E5C15007D7FF0 /* TemplateViewController.swift in Sources */,
				C3DCF9E32B9E19AD007D7FF0 /* FoodConfigViewModel.swift in Sources */,
				C3DCF9AE2B9DF31A007D7FF0 /* SceneDelegate.swift in Sources */,
				C3DCFA042B9E5AD2007D7FF0 /* NewNoteViewModel.swift in Sources */,
			);
			runOnlyForDeploymentPostprocessing = 0;
		};
/* End PBXSourcesBuildPhase section */

/* Begin PBXVariantGroup section */
		C3DCF9B92B9DF31B007D7FF0 /* LaunchScreen.storyboard */ = {
			isa = PBXVariantGroup;
			children = (
				C3DCF9BA2B9DF31B007D7FF0 /* Base */,
			);
			name = LaunchScreen.storyboard;
			sourceTree = "<group>";
		};
/* End PBXVariantGroup section */

/* Begin XCBuildConfiguration section */
		C3DCF9BD2B9DF31B007D7FF0 /* Debug */ = {
			isa = XCBuildConfiguration;
			buildSettings = {
				ALWAYS_SEARCH_USER_PATHS = NO;
				ASSETCATALOG_COMPILER_GENERATE_SWIFT_ASSET_SYMBOL_EXTENSIONS = YES;
				CLANG_ANALYZER_NONNULL = YES;
				CLANG_ANALYZER_NUMBER_OBJECT_CONVERSION = YES_AGGRESSIVE;
				CLANG_CXX_LANGUAGE_STANDARD = "gnu++20";
				CLANG_ENABLE_MODULES = YES;
				CLANG_ENABLE_OBJC_ARC = YES;
				CLANG_ENABLE_OBJC_WEAK = YES;
				CLANG_WARN_BLOCK_CAPTURE_AUTORELEASING = YES;
				CLANG_WARN_BOOL_CONVERSION = YES;
				CLANG_WARN_COMMA = YES;
				CLANG_WARN_CONSTANT_CONVERSION = YES;
				CLANG_WARN_DEPRECATED_OBJC_IMPLEMENTATIONS = YES;
				CLANG_WARN_DIRECT_OBJC_ISA_USAGE = YES_ERROR;
				CLANG_WARN_DOCUMENTATION_COMMENTS = YES;
				CLANG_WARN_EMPTY_BODY = YES;
				CLANG_WARN_ENUM_CONVERSION = YES;
				CLANG_WARN_INFINITE_RECURSION = YES;
				CLANG_WARN_INT_CONVERSION = YES;
				CLANG_WARN_NON_LITERAL_NULL_CONVERSION = YES;
				CLANG_WARN_OBJC_IMPLICIT_RETAIN_SELF = YES;
				CLANG_WARN_OBJC_LITERAL_CONVERSION = YES;
				CLANG_WARN_OBJC_ROOT_CLASS = YES_ERROR;
				CLANG_WARN_QUOTED_INCLUDE_IN_FRAMEWORK_HEADER = YES;
				CLANG_WARN_RANGE_LOOP_ANALYSIS = YES;
				CLANG_WARN_STRICT_PROTOTYPES = YES;
				CLANG_WARN_SUSPICIOUS_MOVE = YES;
				CLANG_WARN_UNGUARDED_AVAILABILITY = YES_AGGRESSIVE;
				CLANG_WARN_UNREACHABLE_CODE = YES;
				CLANG_WARN__DUPLICATE_METHOD_MATCH = YES;
				COPY_PHASE_STRIP = NO;
				DEBUG_INFORMATION_FORMAT = dwarf;
				ENABLE_STRICT_OBJC_MSGSEND = YES;
				ENABLE_TESTABILITY = YES;
				ENABLE_USER_SCRIPT_SANDBOXING = YES;
				GCC_C_LANGUAGE_STANDARD = gnu17;
				GCC_DYNAMIC_NO_PIC = NO;
				GCC_NO_COMMON_BLOCKS = YES;
				GCC_OPTIMIZATION_LEVEL = 0;
				GCC_PREPROCESSOR_DEFINITIONS = (
					"DEBUG=1",
					"$(inherited)",
				);
				GCC_WARN_64_TO_32_BIT_CONVERSION = YES;
				GCC_WARN_ABOUT_RETURN_TYPE = YES_ERROR;
				GCC_WARN_UNDECLARED_SELECTOR = YES;
				GCC_WARN_UNINITIALIZED_AUTOS = YES_AGGRESSIVE;
				GCC_WARN_UNUSED_FUNCTION = YES;
				GCC_WARN_UNUSED_VARIABLE = YES;
				IPHONEOS_DEPLOYMENT_TARGET = 17.2;
				LOCALIZATION_PREFERS_STRING_CATALOGS = YES;
				MTL_ENABLE_DEBUG_INFO = INCLUDE_SOURCE;
				MTL_FAST_MATH = YES;
				ONLY_ACTIVE_ARCH = YES;
				SDKROOT = iphoneos;
				SWIFT_ACTIVE_COMPILATION_CONDITIONS = "DEBUG $(inherited)";
				SWIFT_OPTIMIZATION_LEVEL = "-Onone";
			};
			name = Debug;
		};
		C3DCF9BE2B9DF31B007D7FF0 /* Release */ = {
			isa = XCBuildConfiguration;
			buildSettings = {
				ALWAYS_SEARCH_USER_PATHS = NO;
				ASSETCATALOG_COMPILER_GENERATE_SWIFT_ASSET_SYMBOL_EXTENSIONS = YES;
				CLANG_ANALYZER_NONNULL = YES;
				CLANG_ANALYZER_NUMBER_OBJECT_CONVERSION = YES_AGGRESSIVE;
				CLANG_CXX_LANGUAGE_STANDARD = "gnu++20";
				CLANG_ENABLE_MODULES = YES;
				CLANG_ENABLE_OBJC_ARC = YES;
				CLANG_ENABLE_OBJC_WEAK = YES;
				CLANG_WARN_BLOCK_CAPTURE_AUTORELEASING = YES;
				CLANG_WARN_BOOL_CONVERSION = YES;
				CLANG_WARN_COMMA = YES;
				CLANG_WARN_CONSTANT_CONVERSION = YES;
				CLANG_WARN_DEPRECATED_OBJC_IMPLEMENTATIONS = YES;
				CLANG_WARN_DIRECT_OBJC_ISA_USAGE = YES_ERROR;
				CLANG_WARN_DOCUMENTATION_COMMENTS = YES;
				CLANG_WARN_EMPTY_BODY = YES;
				CLANG_WARN_ENUM_CONVERSION = YES;
				CLANG_WARN_INFINITE_RECURSION = YES;
				CLANG_WARN_INT_CONVERSION = YES;
				CLANG_WARN_NON_LITERAL_NULL_CONVERSION = YES;
				CLANG_WARN_OBJC_IMPLICIT_RETAIN_SELF = YES;
				CLANG_WARN_OBJC_LITERAL_CONVERSION = YES;
				CLANG_WARN_OBJC_ROOT_CLASS = YES_ERROR;
				CLANG_WARN_QUOTED_INCLUDE_IN_FRAMEWORK_HEADER = YES;
				CLANG_WARN_RANGE_LOOP_ANALYSIS = YES;
				CLANG_WARN_STRICT_PROTOTYPES = YES;
				CLANG_WARN_SUSPICIOUS_MOVE = YES;
				CLANG_WARN_UNGUARDED_AVAILABILITY = YES_AGGRESSIVE;
				CLANG_WARN_UNREACHABLE_CODE = YES;
				CLANG_WARN__DUPLICATE_METHOD_MATCH = YES;
				COPY_PHASE_STRIP = NO;
				DEBUG_INFORMATION_FORMAT = "dwarf-with-dsym";
				ENABLE_NS_ASSERTIONS = NO;
				ENABLE_STRICT_OBJC_MSGSEND = YES;
				ENABLE_USER_SCRIPT_SANDBOXING = YES;
				GCC_C_LANGUAGE_STANDARD = gnu17;
				GCC_NO_COMMON_BLOCKS = YES;
				GCC_WARN_64_TO_32_BIT_CONVERSION = YES;
				GCC_WARN_ABOUT_RETURN_TYPE = YES_ERROR;
				GCC_WARN_UNDECLARED_SELECTOR = YES;
				GCC_WARN_UNINITIALIZED_AUTOS = YES_AGGRESSIVE;
				GCC_WARN_UNUSED_FUNCTION = YES;
				GCC_WARN_UNUSED_VARIABLE = YES;
				IPHONEOS_DEPLOYMENT_TARGET = 17.2;
				LOCALIZATION_PREFERS_STRING_CATALOGS = YES;
				MTL_ENABLE_DEBUG_INFO = NO;
				MTL_FAST_MATH = YES;
				SDKROOT = iphoneos;
				SWIFT_COMPILATION_MODE = wholemodule;
				VALIDATE_PRODUCT = YES;
			};
			name = Release;
		};
		C3DCF9C02B9DF31B007D7FF0 /* Debug */ = {
			isa = XCBuildConfiguration;
			buildSettings = {
				ASSETCATALOG_COMPILER_APPICON_NAME = AppIcon;
				ASSETCATALOG_COMPILER_GLOBAL_ACCENT_COLOR_NAME = AccentColor;
				CODE_SIGN_STYLE = Automatic;
				CURRENT_PROJECT_VERSION = 1;
				DEVELOPMENT_TEAM = W937SWAWNQ;
				ENABLE_USER_SCRIPT_SANDBOXING = NO;
				GENERATE_INFOPLIST_FILE = YES;
				INFOPLIST_FILE = DiaCare/Info.plist;
				INFOPLIST_KEY_UIApplicationSupportsIndirectInputEvents = YES;
				INFOPLIST_KEY_UILaunchStoryboardName = LaunchScreen;
				INFOPLIST_KEY_UISupportedInterfaceOrientations_iPad = "UIInterfaceOrientationPortrait UIInterfaceOrientationPortraitUpsideDown UIInterfaceOrientationLandscapeLeft UIInterfaceOrientationLandscapeRight";
				INFOPLIST_KEY_UISupportedInterfaceOrientations_iPhone = "UIInterfaceOrientationPortrait UIInterfaceOrientationLandscapeLeft UIInterfaceOrientationLandscapeRight";
				IPHONEOS_DEPLOYMENT_TARGET = 14.0;
				LD_RUNPATH_SEARCH_PATHS = (
					"$(inherited)",
					"@executable_path/Frameworks",
				);
				MARKETING_VERSION = 1.0;
				PRODUCT_BUNDLE_IDENTIFIER = com.Kirill.DiaCare;
				PRODUCT_NAME = "$(TARGET_NAME)";
				SUPPORTED_PLATFORMS = "iphoneos iphonesimulator";
				SUPPORTS_MACCATALYST = NO;
				SUPPORTS_MAC_DESIGNED_FOR_IPHONE_IPAD = NO;
				SUPPORTS_XR_DESIGNED_FOR_IPHONE_IPAD = NO;
				SWIFT_EMIT_LOC_STRINGS = YES;
				SWIFT_VERSION = 5.0;
				TARGETED_DEVICE_FAMILY = 1;
			};
			name = Debug;
		};
		C3DCF9C12B9DF31B007D7FF0 /* Release */ = {
			isa = XCBuildConfiguration;
			buildSettings = {
				ASSETCATALOG_COMPILER_APPICON_NAME = AppIcon;
				ASSETCATALOG_COMPILER_GLOBAL_ACCENT_COLOR_NAME = AccentColor;
				CODE_SIGN_STYLE = Automatic;
				CURRENT_PROJECT_VERSION = 1;
				DEVELOPMENT_TEAM = W937SWAWNQ;
				ENABLE_USER_SCRIPT_SANDBOXING = NO;
				GENERATE_INFOPLIST_FILE = YES;
				INFOPLIST_FILE = DiaCare/Info.plist;
				INFOPLIST_KEY_UIApplicationSupportsIndirectInputEvents = YES;
				INFOPLIST_KEY_UILaunchStoryboardName = LaunchScreen;
				INFOPLIST_KEY_UISupportedInterfaceOrientations_iPad = "UIInterfaceOrientationPortrait UIInterfaceOrientationPortraitUpsideDown UIInterfaceOrientationLandscapeLeft UIInterfaceOrientationLandscapeRight";
				INFOPLIST_KEY_UISupportedInterfaceOrientations_iPhone = "UIInterfaceOrientationPortrait UIInterfaceOrientationLandscapeLeft UIInterfaceOrientationLandscapeRight";
				IPHONEOS_DEPLOYMENT_TARGET = 14.0;
				LD_RUNPATH_SEARCH_PATHS = (
					"$(inherited)",
					"@executable_path/Frameworks",
				);
				MARKETING_VERSION = 1.0;
				PRODUCT_BUNDLE_IDENTIFIER = com.Kirill.DiaCare;
				PRODUCT_NAME = "$(TARGET_NAME)";
				SUPPORTED_PLATFORMS = "iphoneos iphonesimulator";
				SUPPORTS_MACCATALYST = NO;
				SUPPORTS_MAC_DESIGNED_FOR_IPHONE_IPAD = NO;
				SUPPORTS_XR_DESIGNED_FOR_IPHONE_IPAD = NO;
				SWIFT_EMIT_LOC_STRINGS = YES;
				SWIFT_VERSION = 5.0;
				TARGETED_DEVICE_FAMILY = 1;
			};
			name = Release;
		};
/* End XCBuildConfiguration section */

/* Begin XCConfigurationList section */
		C3DCF9A32B9DF31A007D7FF0 /* Build configuration list for PBXProject "DiaCare" */ = {
			isa = XCConfigurationList;
			buildConfigurations = (
				C3DCF9BD2B9DF31B007D7FF0 /* Debug */,
				C3DCF9BE2B9DF31B007D7FF0 /* Release */,
			);
			defaultConfigurationIsVisible = 0;
			defaultConfigurationName = Release;
		};
		C3DCF9BF2B9DF31B007D7FF0 /* Build configuration list for PBXNativeTarget "DiaCare" */ = {
			isa = XCConfigurationList;
			buildConfigurations = (
				C3DCF9C02B9DF31B007D7FF0 /* Debug */,
				C3DCF9C12B9DF31B007D7FF0 /* Release */,
			);
			defaultConfigurationIsVisible = 0;
			defaultConfigurationName = Release;
		};
/* End XCConfigurationList section */

/* Begin XCRemoteSwiftPackageReference section */
		C3DCF9C32B9DF4C5007D7FF0 /* XCRemoteSwiftPackageReference "SnapKit" */ = {
			isa = XCRemoteSwiftPackageReference;
			repositoryURL = "https://github.com/SnapKit/SnapKit.git";
			requirement = {
				kind = upToNextMajorVersion;
				minimumVersion = 5.7.1;
			};
		};
		C3DCF9C82B9DF4DB007D7FF0 /* XCRemoteSwiftPackageReference "Alamofire" */ = {
			isa = XCRemoteSwiftPackageReference;
			repositoryURL = "https://github.com/Alamofire/Alamofire.git";
			requirement = {
				kind = upToNextMajorVersion;
				minimumVersion = 5.9.0;
			};
		};
/* End XCRemoteSwiftPackageReference section */

/* Begin XCSwiftPackageProductDependency section */
		C3DCF9C42B9DF4C5007D7FF0 /* SnapKit */ = {
			isa = XCSwiftPackageProductDependency;
			package = C3DCF9C32B9DF4C5007D7FF0 /* XCRemoteSwiftPackageReference "SnapKit" */;
			productName = SnapKit;
		};
		C3DCF9C62B9DF4C5007D7FF0 /* SnapKit-Dynamic */ = {
			isa = XCSwiftPackageProductDependency;
			package = C3DCF9C32B9DF4C5007D7FF0 /* XCRemoteSwiftPackageReference "SnapKit" */;
			productName = "SnapKit-Dynamic";
		};
		C3DCF9C92B9DF4DB007D7FF0 /* Alamofire */ = {
			isa = XCSwiftPackageProductDependency;
			package = C3DCF9C82B9DF4DB007D7FF0 /* XCRemoteSwiftPackageReference "Alamofire" */;
			productName = Alamofire;
		};
		C3DCF9CB2B9DF4DB007D7FF0 /* AlamofireDynamic */ = {
			isa = XCSwiftPackageProductDependency;
			package = C3DCF9C82B9DF4DB007D7FF0 /* XCRemoteSwiftPackageReference "Alamofire" */;
			productName = AlamofireDynamic;
		};
/* End XCSwiftPackageProductDependency section */

/* Begin XCVersionGroup section */
		C3DCF9B42B9DF31A007D7FF0 /* DiaCare.xcdatamodeld */ = {
			isa = XCVersionGroup;
			children = (
				C3DCF9B52B9DF31A007D7FF0 /* DiaCare.xcdatamodel */,
			);
			currentVersion = C3DCF9B52B9DF31A007D7FF0 /* DiaCare.xcdatamodel */;
			path = DiaCare.xcdatamodeld;
			sourceTree = "<group>";
			versionGroupType = wrapper.xcdatamodel;
		};
/* End XCVersionGroup section */
	};
	rootObject = C3DCF9A02B9DF31A007D7FF0 /* Project object */;
}
